
Microsoft Visual Studio Solution File, Format Version 12.00
# Visual Studio 14
VisualStudioVersion = 14.0.25420.1
MinimumVisualStudioVersion = 10.0.40219.1
Project("{FAE04EC0-301F-11D3-BF4B-00C04F79EFBC}") = "CodeGeneration", "CodeGeneration\CodeGeneration.csproj", "{8D5FB7D2-8960-4BF7-938E-2EC9584BDEC5}"
EndProject
Project("{FAE04EC0-301F-11D3-BF4B-00C04F79EFBC}") = "Robowire.Common.Expressions", "Robowire.Common.Expressions\Robowire.Common.Expressions.csproj", "{E9AEACB2-D6E8-4F61-AF63-3578F9831594}"
EndProject
Project("{FAE04EC0-301F-11D3-BF4B-00C04F79EFBC}") = "RobOrm.UnitTests", "RobOrm.UnitTests\RobOrm.UnitTests.csproj", "{217C9076-1A29-45D0-A879-7BF11C807F19}"
EndProject
Project("{FAE04EC0-301F-11D3-BF4B-00C04F79EFBC}") = "RobOrmRealLife", "RobOrmRealLife\RobOrmRealLife.csproj", "{E233A17D-1603-4016-B3BA-242FF15973DE}"
EndProject
Project("{FAE04EC0-301F-11D3-BF4B-00C04F79EFBC}") = "Robowire.RobOrm.Core", "Robowire.RobOrm.Core\Robowire.RobOrm.Core.csproj", "{FF79ECB2-9A11-45BA-BE08-E6D4471E7A0F}"
EndProject
Project("{FAE04EC0-301F-11D3-BF4B-00C04F79EFBC}") = "Robowire.RobOrm.SqlServer", "Robowire.RobOrm.SqlServer\Robowire.RobOrm.SqlServer.csproj", "{F2986071-08CD-42DE-98FA-57E6FCE729C5}"
EndProject
Project("{FAE04EC0-301F-11D3-BF4B-00C04F79EFBC}") = "Robowire.UnitTests", "Robowire.UnitTests\Robowire.UnitTests.csproj", "{F1F9C60B-97BF-43F5-9EAF-FCF9726E05A8}"
EndProject
Project("{2150E333-8FDC-42A3-9474-1A3956D46DE8}") = "Wire", "Wire", "{8132CFF1-7121-476E-B653-EEADD8CCEE9E}"
EndProject
Project("{2150E333-8FDC-42A3-9474-1A3956D46DE8}") = "Orm", "Orm", "{2C9A9862-DB5F-441C-A116-A07254F7FED4}"
EndProject
Project("{2150E333-8FDC-42A3-9474-1A3956D46DE8}") = "Test", "Test", "{37ED24FF-391F-4D90-9CB6-4C3C0DE5CC70}"
EndProject
Project("{FAE04EC0-301F-11D3-BF4B-00C04F79EFBC}") = "Robowire", "RobowireCore\Robowire.csproj", "{1EDCBAB3-DA52-40B1-998B-88F878FF2875}"
EndProject
Project("{2150E333-8FDC-42A3-9474-1A3956D46DE8}") = "Api", "Api", "{5FAFAE67-BB21-4588-B514-422336E361E0}"
EndProject
Project("{FAE04EC0-301F-11D3-BF4B-00C04F79EFBC}") = "Robowire.RoboApi", "Robowire.RoboApi\Robowire.RoboApi.csproj", "{895E4A3C-99D4-4E2E-872C-7479140D0CF5}"
EndProject
Project("{FAE04EC0-301F-11D3-BF4B-00C04F79EFBC}") = "RoboApi.UnitTests", "RoboApi.UnitTests\RoboApi.UnitTests.csproj", "{22A94C99-7D49-4D24-B6D0-51E7AB20CD01}"
EndProject
Project("{FAE04EC0-301F-11D3-BF4B-00C04F79EFBC}") = "WebApplication1", "WebApplication1\WebApplication1.csproj", "{59DEFC25-BACB-4BEA-ACE6-1098947DEC16}"
EndProject
Global
	GlobalSection(SolutionConfigurationPlatforms) = preSolution
		Debug|Any CPU = Debug|Any CPU
		Release|Any CPU = Release|Any CPU
	EndGlobalSection
	GlobalSection(ProjectConfigurationPlatforms) = postSolution
		{8D5FB7D2-8960-4BF7-938E-2EC9584BDEC5}.Debug|Any CPU.ActiveCfg = Debug|Any CPU
		{8D5FB7D2-8960-4BF7-938E-2EC9584BDEC5}.Debug|Any CPU.Build.0 = Debug|Any CPU
		{8D5FB7D2-8960-4BF7-938E-2EC9584BDEC5}.Release|Any CPU.ActiveCfg = Release|Any CPU
		{8D5FB7D2-8960-4BF7-938E-2EC9584BDEC5}.Release|Any CPU.Build.0 = Release|Any CPU
		{E9AEACB2-D6E8-4F61-AF63-3578F9831594}.Debug|Any CPU.ActiveCfg = Debug|Any CPU
		{E9AEACB2-D6E8-4F61-AF63-3578F9831594}.Debug|Any CPU.Build.0 = Debug|Any CPU
		{E9AEACB2-D6E8-4F61-AF63-3578F9831594}.Release|Any CPU.ActiveCfg = Release|Any CPU
		{E9AEACB2-D6E8-4F61-AF63-3578F9831594}.Release|Any CPU.Build.0 = Release|Any CPU
		{217C9076-1A29-45D0-A879-7BF11C807F19}.Debug|Any CPU.ActiveCfg = Debug|Any CPU
		{217C9076-1A29-45D0-A879-7BF11C807F19}.Debug|Any CPU.Build.0 = Debug|Any CPU
		{217C9076-1A29-45D0-A879-7BF11C807F19}.Release|Any CPU.ActiveCfg = Release|Any CPU
		{217C9076-1A29-45D0-A879-7BF11C807F19}.Release|Any CPU.Build.0 = Release|Any CPU
		{E233A17D-1603-4016-B3BA-242FF15973DE}.Debug|Any CPU.ActiveCfg = Debug|Any CPU
		{E233A17D-1603-4016-B3BA-242FF15973DE}.Debug|Any CPU.Build.0 = Debug|Any CPU
		{E233A17D-1603-4016-B3BA-242FF15973DE}.Release|Any CPU.ActiveCfg = Release|Any CPU
		{E233A17D-1603-4016-B3BA-242FF15973DE}.Release|Any CPU.Build.0 = Release|Any CPU
		{FF79ECB2-9A11-45BA-BE08-E6D4471E7A0F}.Debug|Any CPU.ActiveCfg = Debug|Any CPU
		{FF79ECB2-9A11-45BA-BE08-E6D4471E7A0F}.Debug|Any CPU.Build.0 = Debug|Any CPU
		{FF79ECB2-9A11-45BA-BE08-E6D4471E7A0F}.Release|Any CPU.ActiveCfg = Release|Any CPU
		{FF79ECB2-9A11-45BA-BE08-E6D4471E7A0F}.Release|Any CPU.Build.0 = Release|Any CPU
		{F2986071-08CD-42DE-98FA-57E6FCE729C5}.Debug|Any CPU.ActiveCfg = Debug|Any CPU
		{F2986071-08CD-42DE-98FA-57E6FCE729C5}.Debug|Any CPU.Build.0 = Debug|Any CPU
		{F2986071-08CD-42DE-98FA-57E6FCE729C5}.Release|Any CPU.ActiveCfg = Release|Any CPU
		{F2986071-08CD-42DE-98FA-57E6FCE729C5}.Release|Any CPU.Build.0 = Release|Any CPU
		{F1F9C60B-97BF-43F5-9EAF-FCF9726E05A8}.Debug|Any CPU.ActiveCfg = Debug|Any CPU
		{F1F9C60B-97BF-43F5-9EAF-FCF9726E05A8}.Debug|Any CPU.Build.0 = Debug|Any CPU
		{F1F9C60B-97BF-43F5-9EAF-FCF9726E05A8}.Release|Any CPU.ActiveCfg = Release|Any CPU
		{F1F9C60B-97BF-43F5-9EAF-FCF9726E05A8}.Release|Any CPU.Build.0 = Release|Any CPU
		{1EDCBAB3-DA52-40B1-998B-88F878FF2875}.Debug|Any CPU.ActiveCfg = Debug|Any CPU
		{1EDCBAB3-DA52-40B1-998B-88F878FF2875}.Debug|Any CPU.Build.0 = Debug|Any CPU
		{1EDCBAB3-DA52-40B1-998B-88F878FF2875}.Release|Any CPU.ActiveCfg = Release|Any CPU
		{1EDCBAB3-DA52-40B1-998B-88F878FF2875}.Release|Any CPU.Build.0 = Release|Any CPU
		{895E4A3C-99D4-4E2E-872C-7479140D0CF5}.Debug|Any CPU.ActiveCfg = Debug|Any CPU
		{895E4A3C-99D4-4E2E-872C-7479140D0CF5}.Debug|Any CPU.Build.0 = Debug|Any CPU
		{895E4A3C-99D4-4E2E-872C-7479140D0CF5}.Release|Any CPU.ActiveCfg = Release|Any CPU
		{895E4A3C-99D4-4E2E-872C-7479140D0CF5}.Release|Any CPU.Build.0 = Release|Any CPU
		{22A94C99-7D49-4D24-B6D0-51E7AB20CD01}.Debug|Any CPU.ActiveCfg = Debug|Any CPU
		{22A94C99-7D49-4D24-B6D0-51E7AB20CD01}.Debug|Any CPU.Build.0 = Debug|Any CPU
		{22A94C99-7D49-4D24-B6D0-51E7AB20CD01}.Release|Any CPU.ActiveCfg = Release|Any CPU
		{22A94C99-7D49-4D24-B6D0-51E7AB20CD01}.Release|Any CPU.Build.0 = Release|Any CPU
		{59DEFC25-BACB-4BEA-ACE6-1098947DEC16}.Debug|Any CPU.ActiveCfg = Debug|Any CPU
		{59DEFC25-BACB-4BEA-ACE6-1098947DEC16}.Debug|Any CPU.Build.0 = Debug|Any CPU
		{59DEFC25-BACB-4BEA-ACE6-1098947DEC16}.Release|Any CPU.ActiveCfg = Release|Any CPU
		{59DEFC25-BACB-4BEA-ACE6-1098947DEC16}.Release|Any CPU.Build.0 = Release|Any CPU
	EndGlobalSection
	GlobalSection(SolutionProperties) = preSolution
		HideSolutionNode = FALSE
	EndGlobalSection
	GlobalSection(NestedProjects) = preSolution
		{8D5FB7D2-8960-4BF7-938E-2EC9584BDEC5} = {8132CFF1-7121-476E-B653-EEADD8CCEE9E}
		{E9AEACB2-D6E8-4F61-AF63-3578F9831594} = {8132CFF1-7121-476E-B653-EEADD8CCEE9E}
		{217C9076-1A29-45D0-A879-7BF11C807F19} = {37ED24FF-391F-4D90-9CB6-4C3C0DE5CC70}
		{E233A17D-1603-4016-B3BA-242FF15973DE} = {37ED24FF-391F-4D90-9CB6-4C3C0DE5CC70}
		{FF79ECB2-9A11-45BA-BE08-E6D4471E7A0F} = {2C9A9862-DB5F-441C-A116-A07254F7FED4}
		{F2986071-08CD-42DE-98FA-57E6FCE729C5} = {2C9A9862-DB5F-441C-A116-A07254F7FED4}
		{F1F9C60B-97BF-43F5-9EAF-FCF9726E05A8} = {37ED24FF-391F-4D90-9CB6-4C3C0DE5CC70}
		{1EDCBAB3-DA52-40B1-998B-88F878FF2875} = {8132CFF1-7121-476E-B653-EEADD8CCEE9E}
		{895E4A3C-99D4-4E2E-872C-7479140D0CF5} = {5FAFAE67-BB21-4588-B514-422336E361E0}
		{22A94C99-7D49-4D24-B6D0-51E7AB20CD01} = {37ED24FF-391F-4D90-9CB6-4C3C0DE5CC70}
		{59DEFC25-BACB-4BEA-ACE6-1098947DEC16} = {37ED24FF-391F-4D90-9CB6-4C3C0DE5CC70}
	EndGlobalSection
EndGlobal
